{
  "requires": true,
  "lockfileVersion": 1,
  "dependencies": {
    "clsx": {
      "version": "1.1.1",
      "resolved": "https://registry.npmjs.org/clsx/-/clsx-1.1.1.tgz",
      "integrity": "sha512-6/bPho624p3S2pMyvP5kKBPXnI3ufHLObBFCfgx+LkeR5lg2XYy2hqZqUf45ypD8COn2bhgGJSUE+l5dhNBieA=="
    },
    "react-data-grid": {
      "version": "7.0.0-canary.41",
      "resolved": "https://registry.npmjs.org/react-data-grid/-/react-data-grid-7.0.0-canary.41.tgz",
      "integrity": "sha512-K+Dg7VS17G5snz5A5oAeyS5c3s4VWGwOoY8OipX6KcYizSLImleiUq1GS3hsQWNXuRmsIBKyMSyMNsu+KkiqSA==",
      "requires": {
        "clsx": "^1.1.1"
      }
    }
  }
}
